
Microsoft Visual Studio Solution File, Format Version 12.00
# Visual Studio Version 16
VisualStudioVersion = 16.0.30413.136
MinimumVisualStudioVersion = 10.0.40219.1
Project("{FAE04EC0-301F-11D3-BF4B-00C04F79EFBC}") = "PreDevIncubator7", "PreDevIncubator7\PreDevIncubator7.csproj", "{1F8E02A7-741E-41B9-AB62-E67FABDF6618}"
EndProject
Global
	GlobalSection(SolutionConfigurationPlatforms) = preSolution
		Debug|Any CPU = Debug|Any CPU
		Release|Any CPU = Release|Any CPU
	EndGlobalSection
	GlobalSection(ProjectConfigurationPlatforms) = postSolution
		{1F8E02A7-741E-41B9-AB62-E67FABDF6618}.Debug|Any CPU.ActiveCfg = Debug|Any CPU
		{1F8E02A7-741E-41B9-AB62-E67FABDF6618}.Debug|Any CPU.Build.0 = Debug|Any CPU
		{1F8E02A7-741E-41B9-AB62-E67FABDF6618}.Release|Any CPU.ActiveCfg = Release|Any CPU
		{1F8E02A7-741E-41B9-AB62-E67FABDF6618}.Release|Any CPU.Build.0 = Release|Any CPU
	EndGlobalSection
	GlobalSection(SolutionProperties) = preSolution
		HideSolutionNode = FALSE
	EndGlobalSection
	GlobalSection(ExtensibilityGlobals) = postSolution
		SolutionGuid = {DD1CE937-56A1-4F64-BA87-ECBEED9F2264}
	EndGlobalSection
EndGlobal
